PODS:
  - HSegmentControl (2.1.0)
  - IQKeyboardManagerSwift (4.0.9)
  - MagicalRecord (2.3.2):
    - MagicalRecord/Core (= 2.3.2)
  - MagicalRecord/Core (2.3.2)
  - MJCalendar (0.4.0):
    - NSDate-Escort (~> 1.5)
    - UIView+JMFrame
  - NSDate-Escort (1.7.0)
  - NVActivityIndicatorView (3.6.0)
  - UIView+JMFrame (0.1.2)

DEPENDENCIES:
  - HSegmentControl
  - IQKeyboardManagerSwift
  - MagicalRecord
  - MJCalendar
  - NVActivityIndicatorView

SPEC CHECKSUMS:
  HSegmentControl: a97413afadbcbd4d45f66987c7e2226af3dd103d
  IQKeyboardManagerSwift: 2eefe6c429b86aa08bfbc1b5c891164d754adf91
  MagicalRecord: 53bed74b4323b930992a725be713e53b37d19755
  MJCalendar: 3e131cebe205f5d3a8af251a8753a7f2070f4822
  NSDate-Escort: 3469fefab423c094108c2e864416b61b6ac0edbc
  NVActivityIndicatorView: c7c1c4300b418bd9ed06459e78d4df859ddbe31f
  UIView+JMFrame: a907974c9d34b1c300aef85ae2a1a5af746f2b8a

PODFILE CHECKSUM: 54e3ed0c5fdeabb961e10af6766caf91dbbad1ce

COCOAPODS: 1.2.1
