// !$*UTF8*$!
{
	archiveVersion = 1;
	classes = {
	};
	objectVersion = 46;
	objects = {

/* Begin PBXBuildFile section */
		3189DBB3F0208EEE20D5545C /* Pods_KSDiplomWorkSwiftEdition.framework in Frameworks */ = {isa = PBXBuildFile; fileRef = B5B3D5352AA72A07C313D009 /* Pods_KSDiplomWorkSwiftEdition.framework */; };
		CD5F75E61EB36497005BFE1D /* NumPadViewController.swift in Sources */ = {isa = PBXBuildFile; fileRef = CD5F75E51EB36497005BFE1D /* NumPadViewController.swift */; };
		CD5F75E91EB37543005BFE1D /* User.swift in Sources */ = {isa = PBXBuildFile; fileRef = CD5F75E81EB37543005BFE1D /* User.swift */; };
		CD5F75EC1EB37A50005BFE1D /* diplomWork.xcdatamodeld in Sources */ = {isa = PBXBuildFile; fileRef = CD5F75EA1EB37A50005BFE1D /* diplomWork.xcdatamodeld */; };
		CD5F75F91EB38369005BFE1D /* Transaction+CoreDataClass.swift in Sources */ = {isa = PBXBuildFile; fileRef = CD5F75F51EB38369005BFE1D /* Transaction+CoreDataClass.swift */; };
		CD5F75FA1EB38369005BFE1D /* Transaction+CoreDataProperties.swift in Sources */ = {isa = PBXBuildFile; fileRef = CD5F75F61EB38369005BFE1D /* Transaction+CoreDataProperties.swift */; };
		CD5F75FB1EB38369005BFE1D /* Category+CoreDataClass.swift in Sources */ = {isa = PBXBuildFile; fileRef = CD5F75F71EB38369005BFE1D /* Category+CoreDataClass.swift */; };
		CD5F75FC1EB38369005BFE1D /* Category+CoreDataProperties.swift in Sources */ = {isa = PBXBuildFile; fileRef = CD5F75F81EB38369005BFE1D /* Category+CoreDataProperties.swift */; };
		CD64670A1EBB397600EFAA60 /* expense.plist in Resources */ = {isa = PBXBuildFile; fileRef = CD6467081EBB397600EFAA60 /* expense.plist */; };
		CD64670B1EBB397600EFAA60 /* income.plist in Resources */ = {isa = PBXBuildFile; fileRef = CD6467091EBB397600EFAA60 /* income.plist */; };
		CD64670E1EBB3A3900EFAA60 /* CoreDataManager.swift in Sources */ = {isa = PBXBuildFile; fileRef = CD64670D1EBB3A3900EFAA60 /* CoreDataManager.swift */; };
		CD7263311EB1FB4F00506566 /* HomeViewController.swift in Sources */ = {isa = PBXBuildFile; fileRef = CD7263301EB1FB4F00506566 /* HomeViewController.swift */; };
		CD8FBBDA1EADFBD500BFC7B2 /* AppDelegate.swift in Sources */ = {isa = PBXBuildFile; fileRef = CD8FBBD01EADFBD500BFC7B2 /* AppDelegate.swift */; };
		CD8FBBDB1EADFBD500BFC7B2 /* Assets.xcassets in Resources */ = {isa = PBXBuildFile; fileRef = CD8FBBD21EADFBD500BFC7B2 /* Assets.xcassets */; };
		CD8FBBDC1EADFBD500BFC7B2 /* LaunchScreen.storyboard in Resources */ = {isa = PBXBuildFile; fileRef = CD8FBBD31EADFBD500BFC7B2 /* LaunchScreen.storyboard */; };
		CD8FBBDD1EADFBD500BFC7B2 /* Main.storyboard in Resources */ = {isa = PBXBuildFile; fileRef = CD8FBBD51EADFBD500BFC7B2 /* Main.storyboard */; };
		CD8FBBE41EADFEEB00BFC7B2 /* LoginViewController.swift in Sources */ = {isa = PBXBuildFile; fileRef = CD8FBBE31EADFEEB00BFC7B2 /* LoginViewController.swift */; };
		CD8FBBE81EAE328100BFC7B2 /* SignInViewController.swift in Sources */ = {isa = PBXBuildFile; fileRef = CD8FBBE71EAE328100BFC7B2 /* SignInViewController.swift */; };
		CD8FBBEA1EAE32A400BFC7B2 /* SignUpViewController.swift in Sources */ = {isa = PBXBuildFile; fileRef = CD8FBBE91EAE32A400BFC7B2 /* SignUpViewController.swift */; };
		CDC235961EAF6A85006A9922 /* Colors.swift in Sources */ = {isa = PBXBuildFile; fileRef = CDC235951EAF6A85006A9922 /* Colors.swift */; };
		CDC235991EAF6AD0006A9922 /* UIColor+RGB.swift in Sources */ = {isa = PBXBuildFile; fileRef = CDC235981EAF6AD0006A9922 /* UIColor+RGB.swift */; };
		CDC2359B1EAF7F3F006A9922 /* Functions.swift in Sources */ = {isa = PBXBuildFile; fileRef = CDC2359A1EAF7F3F006A9922 /* Functions.swift */; };
/* End PBXBuildFile section */

/* Begin PBXFileReference section */
		51894B342C0F50D668B75308 /* Pods-KSDiplomWorkSwiftEdition.release.xcconfig */ = {isa = PBXFileReference; includeInIndex = 1; lastKnownFileType = text.xcconfig; name = "Pods-KSDiplomWorkSwiftEdition.release.xcconfig"; path = "Pods/Target Support Files/Pods-KSDiplomWorkSwiftEdition/Pods-KSDiplomWorkSwiftEdition.release.xcconfig"; sourceTree = "<group>"; };
		5D155B2BA5AFC40A41066D87 /* Pods-KSDiplomWorkSwiftEdition.debug.xcconfig */ = {isa = PBXFileReference; includeInIndex = 1; lastKnownFileType = text.xcconfig; name = "Pods-KSDiplomWorkSwiftEdition.debug.xcconfig"; path = "Pods/Target Support Files/Pods-KSDiplomWorkSwiftEdition/Pods-KSDiplomWorkSwiftEdition.debug.xcconfig"; sourceTree = "<group>"; };
		B5B3D5352AA72A07C313D009 /* Pods_KSDiplomWorkSwiftEdition.framework */ = {isa = PBXFileReference; explicitFileType = wrapper.framework; includeInIndex = 0; path = Pods_KSDiplomWorkSwiftEdition.framework; sourceTree = BUILT_PRODUCTS_DIR; };
		CD5F75E51EB36497005BFE1D /* NumPadViewController.swift */ = {isa = PBXFileReference; fileEncoding = 4; lastKnownFileType = sourcecode.swift; path = NumPadViewController.swift; sourceTree = "<group>"; };
		CD5F75E81EB37543005BFE1D /* User.swift */ = {isa = PBXFileReference; fileEncoding = 4; lastKnownFileType = sourcecode.swift; path = User.swift; sourceTree = "<group>"; };
		CD5F75EB1EB37A50005BFE1D /* diplomWork.xcdatamodel */ = {isa = PBXFileReference; lastKnownFileType = wrapper.xcdatamodel; path = diplomWork.xcdatamodel; sourceTree = "<group>"; };
		CD5F75F51EB38369005BFE1D /* Transaction+CoreDataClass.swift */ = {isa = PBXFileReference; fileEncoding = 4; lastKnownFileType = sourcecode.swift; path = "Transaction+CoreDataClass.swift"; sourceTree = "<group>"; };
		CD5F75F61EB38369005BFE1D /* Transaction+CoreDataProperties.swift */ = {isa = PBXFileReference; fileEncoding = 4; lastKnownFileType = sourcecode.swift; path = "Transaction+CoreDataProperties.swift"; sourceTree = "<group>"; };
		CD5F75F71EB38369005BFE1D /* Category+CoreDataClass.swift */ = {isa = PBXFileReference; fileEncoding = 4; lastKnownFileType = sourcecode.swift; path = "Category+CoreDataClass.swift"; sourceTree = "<group>"; };
		CD5F75F81EB38369005BFE1D /* Category+CoreDataProperties.swift */ = {isa = PBXFileReference; fileEncoding = 4; lastKnownFileType = sourcecode.swift; path = "Category+CoreDataProperties.swift"; sourceTree = "<group>"; };
		CD6467081EBB397600EFAA60 /* expense.plist */ = {isa = PBXFileReference; fileEncoding = 4; lastKnownFileType = text.plist.xml; path = expense.plist; sourceTree = "<group>"; };
		CD6467091EBB397600EFAA60 /* income.plist */ = {isa = PBXFileReference; fileEncoding = 4; lastKnownFileType = text.plist.xml; path = income.plist; sourceTree = "<group>"; };
		CD64670D1EBB3A3900EFAA60 /* CoreDataManager.swift */ = {isa = PBXFileReference; fileEncoding = 4; lastKnownFileType = sourcecode.swift; path = CoreDataManager.swift; sourceTree = "<group>"; };
		CD7263301EB1FB4F00506566 /* HomeViewController.swift */ = {isa = PBXFileReference; fileEncoding = 4; lastKnownFileType = sourcecode.swift; path = HomeViewController.swift; sourceTree = "<group>"; };
		CD8FBBBA1EADFAD200BFC7B2 /* KSDiplomWorkSwiftEdition.app */ = {isa = PBXFileReference; explicitFileType = wrapper.application; includeInIndex = 0; path = KSDiplomWorkSwiftEdition.app; sourceTree = BUILT_PRODUCTS_DIR; };
		CD8FBBD01EADFBD500BFC7B2 /* AppDelegate.swift */ = {isa = PBXFileReference; fileEncoding = 4; lastKnownFileType = sourcecode.swift; path = AppDelegate.swift; sourceTree = "<group>"; };
		CD8FBBD21EADFBD500BFC7B2 /* Assets.xcassets */ = {isa = PBXFileReference; lastKnownFileType = folder.assetcatalog; path = Assets.xcassets; sourceTree = "<group>"; };
		CD8FBBD41EADFBD500BFC7B2 /* Base */ = {isa = PBXFileReference; lastKnownFileType = file.storyboard; name = Base; path = Base.lproj/LaunchScreen.storyboard; sourceTree = "<group>"; };
		CD8FBBD61EADFBD500BFC7B2 /* Base */ = {isa = PBXFileReference; lastKnownFileType = file.storyboard; name = Base; path = Base.lproj/Main.storyboard; sourceTree = "<group>"; };
		CD8FBBD91EADFBD500BFC7B2 /* Info.plist */ = {isa = PBXFileReference; fileEncoding = 4; lastKnownFileType = text.plist.xml; path = Info.plist; sourceTree = "<group>"; };
		CD8FBBE31EADFEEB00BFC7B2 /* LoginViewController.swift */ = {isa = PBXFileReference; fileEncoding = 4; lastKnownFileType = sourcecode.swift; path = LoginViewController.swift; sourceTree = "<group>"; };
		CD8FBBE71EAE328100BFC7B2 /* SignInViewController.swift */ = {isa = PBXFileReference; fileEncoding = 4; lastKnownFileType = sourcecode.swift; path = SignInViewController.swift; sourceTree = "<group>"; };
		CD8FBBE91EAE32A400BFC7B2 /* SignUpViewController.swift */ = {isa = PBXFileReference; fileEncoding = 4; lastKnownFileType = sourcecode.swift; path = SignUpViewController.swift; sourceTree = "<group>"; };
		CDC235931EAF4C1C006A9922 /* Bridging-Header.h */ = {isa = PBXFileReference; lastKnownFileType = sourcecode.c.h; path = "Bridging-Header.h"; sourceTree = "<group>"; };
		CDC235951EAF6A85006A9922 /* Colors.swift */ = {isa = PBXFileReference; fileEncoding = 4; lastKnownFileType = sourcecode.swift; path = Colors.swift; sourceTree = "<group>"; };
		CDC235981EAF6AD0006A9922 /* UIColor+RGB.swift */ = {isa = PBXFileReference; fileEncoding = 4; lastKnownFileType = sourcecode.swift; path = "UIColor+RGB.swift"; sourceTree = "<group>"; };
		CDC2359A1EAF7F3F006A9922 /* Functions.swift */ = {isa = PBXFileReference; fileEncoding = 4; lastKnownFileType = sourcecode.swift; path = Functions.swift; sourceTree = "<group>"; };
/* End PBXFileReference section */

/* Begin PBXFrameworksBuildPhase section */
		CD8FBBB71EADFAD200BFC7B2 /* Frameworks */ = {
			isa = PBXFrameworksBuildPhase;
			buildActionMask = 2147483647;
			files = (
				3189DBB3F0208EEE20D5545C /* Pods_KSDiplomWorkSwiftEdition.framework in Frameworks */,
			);
			runOnlyForDeploymentPostprocessing = 0;
		};
/* End PBXFrameworksBuildPhase section */

/* Begin PBXGroup section */
		0E12B2BFCD4BFA29C110D09B /* Pods */ = {
			isa = PBXGroup;
			children = (
				5D155B2BA5AFC40A41066D87 /* Pods-KSDiplomWorkSwiftEdition.debug.xcconfig */,
				51894B342C0F50D668B75308 /* Pods-KSDiplomWorkSwiftEdition.release.xcconfig */,
			);
			name = Pods;
			sourceTree = "<group>";
		};
		165CBADE21DF528BF78FFF29 /* Frameworks */ = {
			isa = PBXGroup;
			children = (
				B5B3D5352AA72A07C313D009 /* Pods_KSDiplomWorkSwiftEdition.framework */,
			);
			name = Frameworks;
			sourceTree = "<group>";
		};
		CD5F75E71EB36FCD005BFE1D /* Models */ = {
			isa = PBXGroup;
			children = (
				CD5F75F51EB38369005BFE1D /* Transaction+CoreDataClass.swift */,
				CD5F75F61EB38369005BFE1D /* Transaction+CoreDataProperties.swift */,
				CD5F75F71EB38369005BFE1D /* Category+CoreDataClass.swift */,
				CD5F75F81EB38369005BFE1D /* Category+CoreDataProperties.swift */,
				CD5F75E81EB37543005BFE1D /* User.swift */,
				CD5F75EA1EB37A50005BFE1D /* diplomWork.xcdatamodeld */,
			);
			path = Models;
			sourceTree = "<group>";
		};
		CD64670C1EBB3A2400EFAA60 /* Managers */ = {
			isa = PBXGroup;
			children = (
				CD64670D1EBB3A3900EFAA60 /* CoreDataManager.swift */,
			);
			path = Managers;
			sourceTree = "<group>";
		};
		CD72632F1EB1FB3F00506566 /* HomeViewConroller */ = {
			isa = PBXGroup;
			children = (
				CD7263301EB1FB4F00506566 /* HomeViewController.swift */,
				CD5F75E51EB36497005BFE1D /* NumPadViewController.swift */,
			);
			path = HomeViewConroller;
			sourceTree = "<group>";
		};
		CD8FBBB11EADFAD200BFC7B2 = {
			isa = PBXGroup;
			children = (
				CD8FBBBC1EADFAD200BFC7B2 /* KSDiplomWorkSwiftEdition */,
				CD8FBBBB1EADFAD200BFC7B2 /* Products */,
				0E12B2BFCD4BFA29C110D09B /* Pods */,
				165CBADE21DF528BF78FFF29 /* Frameworks */,
			);
			sourceTree = "<group>";
		};
		CD8FBBBB1EADFAD200BFC7B2 /* Products */ = {
			isa = PBXGroup;
			children = (
				CD8FBBBA1EADFAD200BFC7B2 /* KSDiplomWorkSwiftEdition.app */,
			);
			name = Products;
			sourceTree = "<group>";
		};
		CD8FBBBC1EADFAD200BFC7B2 /* KSDiplomWorkSwiftEdition */ = {
			isa = PBXGroup;
			children = (
				CD8FBBCF1EADFBD500BFC7B2 /* AppDelegate */,
				CD8FBBD11EADFBD500BFC7B2 /* Resources */,
				CD8FBBD71EADFBD500BFC7B2 /* Source */,
				CD8FBBD81EADFBD500BFC7B2 /* Supporting Files */,
			);
			path = KSDiplomWorkSwiftEdition;
			sourceTree = "<group>";
		};
		CD8FBBCF1EADFBD500BFC7B2 /* AppDelegate */ = {
			isa = PBXGroup;
			children = (
				CD8FBBD01EADFBD500BFC7B2 /* AppDelegate.swift */,
			);
			path = AppDelegate;
			sourceTree = "<group>";
		};
		CD8FBBD11EADFBD500BFC7B2 /* Resources */ = {
			isa = PBXGroup;
			children = (
				CD8FBBD21EADFBD500BFC7B2 /* Assets.xcassets */,
				CD8FBBD31EADFBD500BFC7B2 /* LaunchScreen.storyboard */,
				CD8FBBD51EADFBD500BFC7B2 /* Main.storyboard */,
			);
			path = Resources;
			sourceTree = "<group>";
		};
		CD8FBBD71EADFBD500BFC7B2 /* Source */ = {
			isa = PBXGroup;
			children = (
				CD64670C1EBB3A2400EFAA60 /* Managers */,
				CD5F75E71EB36FCD005BFE1D /* Models */,
				CD8FBBDF1EADFE8100BFC7B2 /* Library */,
				CD8FBBE11EADFE8100BFC7B2 /* UI */,
			);
			path = Source;
			sourceTree = "<group>";
		};
		CD8FBBD81EADFBD500BFC7B2 /* Supporting Files */ = {
			isa = PBXGroup;
			children = (
				CD6467081EBB397600EFAA60 /* expense.plist */,
				CD6467091EBB397600EFAA60 /* income.plist */,
				CDC235931EAF4C1C006A9922 /* Bridging-Header.h */,
				CD8FBBD91EADFBD500BFC7B2 /* Info.plist */,
			);
			path = "Supporting Files";
			sourceTree = "<group>";
		};
		CD8FBBDF1EADFE8100BFC7B2 /* Library */ = {
			isa = PBXGroup;
			children = (
				CDC235971EAF6ABA006A9922 /* Extensions */,
				CD8FBBE01EADFE8100BFC7B2 /* Classes */,
			);
			path = Library;
			sourceTree = "<group>";
		};
		CD8FBBE01EADFE8100BFC7B2 /* Classes */ = {
			isa = PBXGroup;
			children = (
				CDC235951EAF6A85006A9922 /* Colors.swift */,
				CDC2359A1EAF7F3F006A9922 /* Functions.swift */,
			);
			path = Classes;
			sourceTree = "<group>";
		};
		CD8FBBE11EADFE8100BFC7B2 /* UI */ = {
			isa = PBXGroup;
			children = (
				CD72632F1EB1FB3F00506566 /* HomeViewConroller */,
				CD8FBBE21EADFEE300BFC7B2 /* LoginViewController */,
			);
			path = UI;
			sourceTree = "<group>";
		};
		CD8FBBE21EADFEE300BFC7B2 /* LoginViewController */ = {
			isa = PBXGroup;
			children = (
				CD8FBBE31EADFEEB00BFC7B2 /* LoginViewController.swift */,
				CD8FBBE71EAE328100BFC7B2 /* SignInViewController.swift */,
				CD8FBBE91EAE32A400BFC7B2 /* SignUpViewController.swift */,
			);
			path = LoginViewController;
			sourceTree = "<group>";
		};
		CDC235971EAF6ABA006A9922 /* Extensions */ = {
			isa = PBXGroup;
			children = (
				CDC235981EAF6AD0006A9922 /* UIColor+RGB.swift */,
			);
			path = Extensions;
			sourceTree = "<group>";
		};
/* End PBXGroup section */

/* Begin PBXNativeTarget section */
		CD8FBBB91EADFAD200BFC7B2 /* KSDiplomWorkSwiftEdition */ = {
			isa = PBXNativeTarget;
			buildConfigurationList = CD8FBBCC1EADFAD200BFC7B2 /* Build configuration list for PBXNativeTarget "KSDiplomWorkSwiftEdition" */;
			buildPhases = (
				4C18F69419CC75993877548B /* [CP] Check Pods Manifest.lock */,
				CD8FBBB61EADFAD200BFC7B2 /* Sources */,
				CD8FBBB71EADFAD200BFC7B2 /* Frameworks */,
				CD8FBBB81EADFAD200BFC7B2 /* Resources */,
				6B8264C2A268E621DC44D623 /* [CP] Embed Pods Frameworks */,
				CF4DD962020085ECF0F9D5EB /* [CP] Copy Pods Resources */,
			);
			buildRules = (
			);
			dependencies = (
			);
			name = KSDiplomWorkSwiftEdition;
			productName = KSDiplomWorkSwiftEdition;
			productReference = CD8FBBBA1EADFAD200BFC7B2 /* KSDiplomWorkSwiftEdition.app */;
			productType = "com.apple.product-type.application";
		};
/* End PBXNativeTarget section */

/* Begin PBXProject section */
		CD8FBBB21EADFAD200BFC7B2 /* Project object */ = {
			isa = PBXProject;
			attributes = {
				LastSwiftUpdateCheck = 0830;
				LastUpgradeCheck = 0830;
				ORGANIZATIONNAME = "Serhii Kostiuk";
				TargetAttributes = {
					CD8FBBB91EADFAD200BFC7B2 = {
						CreatedOnToolsVersion = 8.3.1;
						DevelopmentTeam = L8389A7644;
						ProvisioningStyle = Automatic;
					};
				};
			};
			buildConfigurationList = CD8FBBB51EADFAD200BFC7B2 /* Build configuration list for PBXProject "KSDiplomWorkSwiftEdition" */;
			compatibilityVersion = "Xcode 3.2";
			developmentRegion = English;
			hasScannedForEncodings = 0;
			knownRegions = (
				en,
				Base,
			);
			mainGroup = CD8FBBB11EADFAD200BFC7B2;
			productRefGroup = CD8FBBBB1EADFAD200BFC7B2 /* Products */;
			projectDirPath = "";
			projectRoot = "";
			targets = (
				CD8FBBB91EADFAD200BFC7B2 /* KSDiplomWorkSwiftEdition */,
			);
		};
/* End PBXProject section */

/* Begin PBXResourcesBuildPhase section */
		CD8FBBB81EADFAD200BFC7B2 /* Resources */ = {
			isa = PBXResourcesBuildPhase;
			buildActionMask = 2147483647;
			files = (
				CD64670B1EBB397600EFAA60 /* income.plist in Resources */,
				CD8FBBDB1EADFBD500BFC7B2 /* Assets.xcassets in Resources */,
				CD8FBBDD1EADFBD500BFC7B2 /* Main.storyboard in Resources */,
				CD8FBBDC1EADFBD500BFC7B2 /* LaunchScreen.storyboard in Resources */,
				CD64670A1EBB397600EFAA60 /* expense.plist in Resources */,
			);
			runOnlyForDeploymentPostprocessing = 0;
		};
/* End PBXResourcesBuildPhase section */

/* Begin PBXShellScriptBuildPhase section */
		4C18F69419CC75993877548B /* [CP] Check Pods Manifest.lock */ = {
			isa = PBXShellScriptBuildPhase;
			buildActionMask = 2147483647;
			files = (
			);
			inputPaths = (
			);
			name = "[CP] Check Pods Manifest.lock";
			outputPaths = (
			);
			runOnlyForDeploymentPostprocessing = 0;
			shellPath = /bin/sh;
			shellScript = "diff \"${PODS_PODFILE_DIR_PATH}/Podfile.lock\" \"${PODS_ROOT}/Manifest.lock\" > /dev/null\nif [ $? != 0 ] ; then\n    # print error to STDERR\n    echo \"error: The sandbox is not in sync with the Podfile.lock. Run 'pod install' or update your CocoaPods installation.\" >&2\n    exit 1\nfi\n";
			showEnvVarsInLog = 0;
		};
		6B8264C2A268E621DC44D623 /* [CP] Embed Pods Frameworks */ = {
			isa = PBXShellScriptBuildPhase;
			buildActionMask = 2147483647;
			files = (
			);
			inputPaths = (
			);
			name = "[CP] Embed Pods Frameworks";
			outputPaths = (
			);
			runOnlyForDeploymentPostprocessing = 0;
			shellPath = /bin/sh;
			shellScript = "\"${SRCROOT}/Pods/Target Support Files/Pods-KSDiplomWorkSwiftEdition/Pods-KSDiplomWorkSwiftEdition-frameworks.sh\"\n";
			showEnvVarsInLog = 0;
		};
		CF4DD962020085ECF0F9D5EB /* [CP] Copy Pods Resources */ = {
			isa = PBXShellScriptBuildPhase;
			buildActionMask = 2147483647;
			files = (
			);
			inputPaths = (
			);
			name = "[CP] Copy Pods Resources";
			outputPaths = (
			);
			runOnlyForDeploymentPostprocessing = 0;
			shellPath = /bin/sh;
			shellScript = "\"${SRCROOT}/Pods/Target Support Files/Pods-KSDiplomWorkSwiftEdition/Pods-KSDiplomWorkSwiftEdition-resources.sh\"\n";
			showEnvVarsInLog = 0;
		};
/* End PBXShellScriptBuildPhase section */

/* Begin PBXSourcesBuildPhase section */
		CD8FBBB61EADFAD200BFC7B2 /* Sources */ = {
			isa = PBXSourcesBuildPhase;
			buildActionMask = 2147483647;
			files = (
				CD8FBBEA1EAE32A400BFC7B2 /* SignUpViewController.swift in Sources */,
				CD8FBBE41EADFEEB00BFC7B2 /* LoginViewController.swift in Sources */,
				CD8FBBDA1EADFBD500BFC7B2 /* AppDelegate.swift in Sources */,
				CDC2359B1EAF7F3F006A9922 /* Functions.swift in Sources */,
				CD5F75F91EB38369005BFE1D /* Transaction+CoreDataClass.swift in Sources */,
				CD5F75EC1EB37A50005BFE1D /* diplomWork.xcdatamodeld in Sources */,
				CDC235961EAF6A85006A9922 /* Colors.swift in Sources */,
				CD5F75FC1EB38369005BFE1D /* Category+CoreDataProperties.swift in Sources */,
				CD7263311EB1FB4F00506566 /* HomeViewController.swift in Sources */,
				CD8FBBE81EAE328100BFC7B2 /* SignInViewController.swift in Sources */,
				CD5F75FB1EB38369005BFE1D /* Category+CoreDataClass.swift in Sources */,
				CD5F75E61EB36497005BFE1D /* NumPadViewController.swift in Sources */,
				CDC235991EAF6AD0006A9922 /* UIColor+RGB.swift in Sources */,
				CD5F75E91EB37543005BFE1D /* User.swift in Sources */,
				CD64670E1EBB3A3900EFAA60 /* CoreDataManager.swift in Sources */,
				CD5F75FA1EB38369005BFE1D /* Transaction+CoreDataProperties.swift in Sources */,
			);
			runOnlyForDeploymentPostprocessing = 0;
		};
/* End PBXSourcesBuildPhase section */

/* Begin PBXVariantGroup section */
		CD8FBBD31EADFBD500BFC7B2 /* LaunchScreen.storyboard */ = {
			isa = PBXVariantGroup;
			children = (
				CD8FBBD41EADFBD500BFC7B2 /* Base */,
			);
			name = LaunchScreen.storyboard;
			sourceTree = "<group>";
		};
		CD8FBBD51EADFBD500BFC7B2 /* Main.storyboard */ = {
			isa = PBXVariantGroup;
			children = (
				CD8FBBD61EADFBD500BFC7B2 /* Base */,
			);
			name = Main.storyboard;
			sourceTree = "<group>";
		};
/* End PBXVariantGroup section */

/* Begin XCBuildConfiguration section */
		CD8FBBCA1EADFAD200BFC7B2 /* Debug */ = {
			isa = XCBuildConfiguration;
			buildSettings = {
				ALWAYS_SEARCH_USER_PATHS = NO;
				CLANG_ANALYZER_NONNULL = YES;
				CLANG_ANALYZER_NUMBER_OBJECT_CONVERSION = YES_AGGRESSIVE;
				CLANG_CXX_LANGUAGE_STANDARD = "gnu++0x";
				CLANG_CXX_LIBRARY = "libc++";
				CLANG_ENABLE_MODULES = YES;
				CLANG_ENABLE_OBJC_ARC = YES;
				CLANG_WARN_BOOL_CONVERSION = YES;
				CLANG_WARN_CONSTANT_CONVERSION = YES;
				CLANG_WARN_DIRECT_OBJC_ISA_USAGE = YES_ERROR;
				CLANG_WARN_DOCUMENTATION_COMMENTS = YES;
				CLANG_WARN_EMPTY_BODY = YES;
				CLANG_WARN_ENUM_CONVERSION = YES;
				CLANG_WARN_INFINITE_RECURSION = YES;
				CLANG_WARN_INT_CONVERSION = YES;
				CLANG_WARN_OBJC_ROOT_CLASS = YES_ERROR;
				CLANG_WARN_SUSPICIOUS_MOVE = YES;
				CLANG_WARN_UNREACHABLE_CODE = YES;
				CLANG_WARN__DUPLICATE_METHOD_MATCH = YES;
				"CODE_SIGN_IDENTITY[sdk=iphoneos*]" = "iPhone Developer";
				COPY_PHASE_STRIP = NO;
				DEBUG_INFORMATION_FORMAT = dwarf;
				ENABLE_STRICT_OBJC_MSGSEND = YES;
				ENABLE_TESTABILITY = YES;
				GCC_C_LANGUAGE_STANDARD = gnu99;
				GCC_DYNAMIC_NO_PIC = NO;
				GCC_NO_COMMON_BLOCKS = YES;
				GCC_OPTIMIZATION_LEVEL = 0;
				GCC_PREPROCESSOR_DEFINITIONS = (
					"DEBUG=1",
					"$(inherited)",
				);
				GCC_WARN_64_TO_32_BIT_CONVERSION = YES;
				GCC_WARN_ABOUT_RETURN_TYPE = YES_ERROR;
				GCC_WARN_UNDECLARED_SELECTOR = YES;
				GCC_WARN_UNINITIALIZED_AUTOS = YES_AGGRESSIVE;
				GCC_WARN_UNUSED_FUNCTION = YES;
				GCC_WARN_UNUSED_VARIABLE = YES;
				IPHONEOS_DEPLOYMENT_TARGET = 10.3;
				MTL_ENABLE_DEBUG_INFO = YES;
				ONLY_ACTIVE_ARCH = YES;
				SDKROOT = iphoneos;
				SWIFT_ACTIVE_COMPILATION_CONDITIONS = DEBUG;
				SWIFT_OPTIMIZATION_LEVEL = "-Onone";
			};
			name = Debug;
		};
		CD8FBBCB1EADFAD200BFC7B2 /* Release */ = {
			isa = XCBuildConfiguration;
			buildSettings = {
				ALWAYS_SEARCH_USER_PATHS = NO;
				CLANG_ANALYZER_NONNULL = YES;
				CLANG_ANALYZER_NUMBER_OBJECT_CONVERSION = YES_AGGRESSIVE;
				CLANG_CXX_LANGUAGE_STANDARD = "gnu++0x";
				CLANG_CXX_LIBRARY = "libc++";
				CLANG_ENABLE_MODULES = YES;
				CLANG_ENABLE_OBJC_ARC = YES;
				CLANG_WARN_BOOL_CONVERSION = YES;
				CLANG_WARN_CONSTANT_CONVERSION = YES;
				CLANG_WARN_DIRECT_OBJC_ISA_USAGE = YES_ERROR;
				CLANG_WARN_DOCUMENTATION_COMMENTS = YES;
				CLANG_WARN_EMPTY_BODY = YES;
				CLANG_WARN_ENUM_CONVERSION = YES;
				CLANG_WARN_INFINITE_RECURSION = YES;
				CLANG_WARN_INT_CONVERSION = YES;
				CLANG_WARN_OBJC_ROOT_CLASS = YES_ERROR;
				CLANG_WARN_SUSPICIOUS_MOVE = YES;
				CLANG_WARN_UNREACHABLE_CODE = YES;
				CLANG_WARN__DUPLICATE_METHOD_MATCH = YES;
				"CODE_SIGN_IDENTITY[sdk=iphoneos*]" = "iPhone Developer";
				COPY_PHASE_STRIP = NO;
				DEBUG_INFORMATION_FORMAT = "dwarf-with-dsym";
				ENABLE_NS_ASSERTIONS = NO;
				ENABLE_STRICT_OBJC_MSGSEND = YES;
				GCC_C_LANGUAGE_STANDARD = gnu99;
				GCC_NO_COMMON_BLOCKS = YES;
				GCC_WARN_64_TO_32_BIT_CONVERSION = YES;
				GCC_WARN_ABOUT_RETURN_TYPE = YES_ERROR;
				GCC_WARN_UNDECLARED_SELECTOR = YES;
				GCC_WARN_UNINITIALIZED_AUTOS = YES_AGGRESSIVE;
				GCC_WARN_UNUSED_FUNCTION = YES;
				GCC_WARN_UNUSED_VARIABLE = YES;
				IPHONEOS_DEPLOYMENT_TARGET = 10.3;
				MTL_ENABLE_DEBUG_INFO = NO;
				SDKROOT = iphoneos;
				SWIFT_OPTIMIZATION_LEVEL = "-Owholemodule";
				VALIDATE_PRODUCT = YES;
			};
			name = Release;
		};
		CD8FBBCD1EADFAD200BFC7B2 /* Debug */ = {
			isa = XCBuildConfiguration;
			baseConfigurationReference = 5D155B2BA5AFC40A41066D87 /* Pods-KSDiplomWorkSwiftEdition.debug.xcconfig */;
			buildSettings = {
				ASSETCATALOG_COMPILER_APPICON_NAME = AppIcon;
				DEVELOPMENT_TEAM = L8389A7644;
				INFOPLIST_FILE = "/Users/serhiikostiuk/Documents/Projects/KSDiplomWorkSwiftEdition/KSDiplomWorkSwiftEdition/Supporting Files/Info.plist";
				LD_RUNPATH_SEARCH_PATHS = "$(inherited) @executable_path/Frameworks";
				PRODUCT_BUNDLE_IDENTIFIER = "com.serhii-kostiuk.KSDiplomWorkSwiftEdition";
				PRODUCT_NAME = "$(TARGET_NAME)";
				SWIFT_VERSION = 3.0;
			};
			name = Debug;
		};
		CD8FBBCE1EADFAD200BFC7B2 /* Release */ = {
			isa = XCBuildConfiguration;
			baseConfigurationReference = 51894B342C0F50D668B75308 /* Pods-KSDiplomWorkSwiftEdition.release.xcconfig */;
			buildSettings = {
				ASSETCATALOG_COMPILER_APPICON_NAME = AppIcon;
				DEVELOPMENT_TEAM = L8389A7644;
				INFOPLIST_FILE = "/Users/serhiikostiuk/Documents/Projects/KSDiplomWorkSwiftEdition/KSDiplomWorkSwiftEdition/Supporting Files/Info.plist";
				LD_RUNPATH_SEARCH_PATHS = "$(inherited) @executable_path/Frameworks";
				PRODUCT_BUNDLE_IDENTIFIER = "com.serhii-kostiuk.KSDiplomWorkSwiftEdition";
				PRODUCT_NAME = "$(TARGET_NAME)";
				SWIFT_VERSION = 3.0;
			};
			name = Release;
		};
/* End XCBuildConfiguration section */

/* Begin XCConfigurationList section */
		CD8FBBB51EADFAD200BFC7B2 /* Build configuration list for PBXProject "KSDiplomWorkSwiftEdition" */ = {
			isa = XCConfigurationList;
			buildConfigurations = (
				CD8FBBCA1EADFAD200BFC7B2 /* Debug */,
				CD8FBBCB1EADFAD200BFC7B2 /* Release */,
			);
			defaultConfigurationIsVisible = 0;
			defaultConfigurationName = Release;
		};
		CD8FBBCC1EADFAD200BFC7B2 /* Build configuration list for PBXNativeTarget "KSDiplomWorkSwiftEdition" */ = {
			isa = XCConfigurationList;
			buildConfigurations = (
				CD8FBBCD1EADFAD200BFC7B2 /* Debug */,
				CD8FBBCE1EADFAD200BFC7B2 /* Release */,
			);
			defaultConfigurationIsVisible = 0;
			defaultConfigurationName = Release;
		};
/* End XCConfigurationList section */

/* Begin XCVersionGroup section */
		CD5F75EA1EB37A50005BFE1D /* diplomWork.xcdatamodeld */ = {
			isa = XCVersionGroup;
			children = (
				CD5F75EB1EB37A50005BFE1D /* diplomWork.xcdatamodel */,
			);
			currentVersion = CD5F75EB1EB37A50005BFE1D /* diplomWork.xcdatamodel */;
			path = diplomWork.xcdatamodeld;
			sourceTree = "<group>";
			versionGroupType = wrapper.xcdatamodel;
		};
/* End XCVersionGroup section */
	};
	rootObject = CD8FBBB21EADFAD200BFC7B2 /* Project object */;
}
